
Microsoft Visual Studio Solution File, Format Version 12.00
# Visual Studio Version 17
VisualStudioVersion = 17.3.32929.385
MinimumVisualStudioVersion = 10.0.40219.1
Project("{9A19103F-16F7-4668-BE54-9A1E7A4F7556}") = "Hotel.Booking.Core", "src\Hotel.Booking.Core\Hotel.Booking.Core.csproj", "{4668872C-1BA2-4565-A73C-78FB719A4005}"
EndProject
Project("{9A19103F-16F7-4668-BE54-9A1E7A4F7556}") = "Hotel.Booking.UnitTest", "tests\Hotel.Booking.UnitTest\Hotel.Booking.UnitTest.csproj", "{850920F7-789E-4C8B-AC19-51AA63B599AE}"
EndProject
Project("{9A19103F-16F7-4668-BE54-9A1E7A4F7556}") = "Hotel.Booking.IntegrationTest", "tests\Hotel.Booking.IntegrationTest\Hotel.Booking.IntegrationTest.csproj", "{517E16A4-BDF0-444A-92B8-7E927CA9C494}"
EndProject
Project("{9A19103F-16F7-4668-BE54-9A1E7A4F7556}") = "Hotel.Booking.Infra", "src\Hotel.Booking.Infra\Hotel.Booking.Infra.csproj", "{D45EE8A5-58F0-4347-84B0-1B60C80EC3C7}"
EndProject
Project("{9A19103F-16F7-4668-BE54-9A1E7A4F7556}") = "Hotel.Booking.Api", "src\Hotel.Booking.Api\Hotel.Booking.Api.csproj", "{95D4148E-0364-4D37-BB54-692A5C9CFE08}"
EndProject
Project("{2150E333-8FDC-42A3-9474-1A3956D46DE8}") = "src", "src", "{5F22E48B-D486-4E3E-BAC3-868A0D2AFF8B}"
EndProject
Project("{2150E333-8FDC-42A3-9474-1A3956D46DE8}") = "tests", "tests", "{D8437829-0878-4B0A-AF23-C7E50D33EAFE}"
EndProject
Global
	GlobalSection(SolutionConfigurationPlatforms) = preSolution
		Debug|Any CPU = Debug|Any CPU
		Release|Any CPU = Release|Any CPU
	EndGlobalSection
	GlobalSection(ProjectConfigurationPlatforms) = postSolution
		{4668872C-1BA2-4565-A73C-78FB719A4005}.Debug|Any CPU.ActiveCfg = Debug|Any CPU
		{4668872C-1BA2-4565-A73C-78FB719A4005}.Debug|Any CPU.Build.0 = Debug|Any CPU
		{4668872C-1BA2-4565-A73C-78FB719A4005}.Release|Any CPU.ActiveCfg = Release|Any CPU
		{4668872C-1BA2-4565-A73C-78FB719A4005}.Release|Any CPU.Build.0 = Release|Any CPU
		{850920F7-789E-4C8B-AC19-51AA63B599AE}.Debug|Any CPU.ActiveCfg = Debug|Any CPU
		{850920F7-789E-4C8B-AC19-51AA63B599AE}.Debug|Any CPU.Build.0 = Debug|Any CPU
		{850920F7-789E-4C8B-AC19-51AA63B599AE}.Release|Any CPU.ActiveCfg = Release|Any CPU
		{850920F7-789E-4C8B-AC19-51AA63B599AE}.Release|Any CPU.Build.0 = Release|Any CPU
		{517E16A4-BDF0-444A-92B8-7E927CA9C494}.Debug|Any CPU.ActiveCfg = Debug|Any CPU
		{517E16A4-BDF0-444A-92B8-7E927CA9C494}.Debug|Any CPU.Build.0 = Debug|Any CPU
		{517E16A4-BDF0-444A-92B8-7E927CA9C494}.Release|Any CPU.ActiveCfg = Release|Any CPU
		{517E16A4-BDF0-444A-92B8-7E927CA9C494}.Release|Any CPU.Build.0 = Release|Any CPU
		{D45EE8A5-58F0-4347-84B0-1B60C80EC3C7}.Debug|Any CPU.ActiveCfg = Debug|Any CPU
		{D45EE8A5-58F0-4347-84B0-1B60C80EC3C7}.Debug|Any CPU.Build.0 = Debug|Any CPU
		{D45EE8A5-58F0-4347-84B0-1B60C80EC3C7}.Release|Any CPU.ActiveCfg = Release|Any CPU
		{D45EE8A5-58F0-4347-84B0-1B60C80EC3C7}.Release|Any CPU.Build.0 = Release|Any CPU
		{95D4148E-0364-4D37-BB54-692A5C9CFE08}.Debug|Any CPU.ActiveCfg = Debug|Any CPU
		{95D4148E-0364-4D37-BB54-692A5C9CFE08}.Debug|Any CPU.Build.0 = Debug|Any CPU
		{95D4148E-0364-4D37-BB54-692A5C9CFE08}.Release|Any CPU.ActiveCfg = Release|Any CPU
		{95D4148E-0364-4D37-BB54-692A5C9CFE08}.Release|Any CPU.Build.0 = Release|Any CPU
	EndGlobalSection
	GlobalSection(SolutionProperties) = preSolution
		HideSolutionNode = FALSE
	EndGlobalSection
	GlobalSection(NestedProjects) = preSolution
		{4668872C-1BA2-4565-A73C-78FB719A4005} = {5F22E48B-D486-4E3E-BAC3-868A0D2AFF8B}
		{850920F7-789E-4C8B-AC19-51AA63B599AE} = {D8437829-0878-4B0A-AF23-C7E50D33EAFE}
		{517E16A4-BDF0-444A-92B8-7E927CA9C494} = {D8437829-0878-4B0A-AF23-C7E50D33EAFE}
		{D45EE8A5-58F0-4347-84B0-1B60C80EC3C7} = {5F22E48B-D486-4E3E-BAC3-868A0D2AFF8B}
		{95D4148E-0364-4D37-BB54-692A5C9CFE08} = {5F22E48B-D486-4E3E-BAC3-868A0D2AFF8B}
	EndGlobalSection
	GlobalSection(ExtensibilityGlobals) = postSolution
		SolutionGuid = {C475889B-75C1-4890-9C64-A2BC14035218}
	EndGlobalSection
EndGlobal
